
Microsoft Visual Studio Solution File, Format Version 12.00
# Visual Studio Version 16
VisualStudioVersion = 16.0.810.22
MinimumVisualStudioVersion = 10.0.40219.1
Project("{FAE04EC0-301F-11D3-BF4B-00C04F79EFBC}") = "TestsForHWProject", "TestsForHWProject\TestsForHWProject.csproj", "{5243CEC5-3EEF-4502-9953-0BAD1354C873}"
EndProject
Project("{FAE04EC0-301F-11D3-BF4B-00C04F79EFBC}") = "WebDriverFramework", "WebDriverFramework\WebDriverFramework.csproj", "{21DBD764-8529-491F-ABE2-A40B14B2D151}"
EndProject
Project("{FAE04EC0-301F-11D3-BF4B-00C04F79EFBC}") = "PageObjects", "PageObjects\PageObjects.csproj", "{BDA281B6-3BFE-4C13-BC9D-BBFAFB7DEC1B}"
EndProject
Global
	GlobalSection(SolutionConfigurationPlatforms) = preSolution
		Debug|Any CPU = Debug|Any CPU
		Release|Any CPU = Release|Any CPU
	EndGlobalSection
	GlobalSection(ProjectConfigurationPlatforms) = postSolution
		{5243CEC5-3EEF-4502-9953-0BAD1354C873}.Debug|Any CPU.ActiveCfg = Debug|Any CPU
		{5243CEC5-3EEF-4502-9953-0BAD1354C873}.Debug|Any CPU.Build.0 = Debug|Any CPU
		{5243CEC5-3EEF-4502-9953-0BAD1354C873}.Release|Any CPU.ActiveCfg = Release|Any CPU
		{5243CEC5-3EEF-4502-9953-0BAD1354C873}.Release|Any CPU.Build.0 = Release|Any CPU
		{21DBD764-8529-491F-ABE2-A40B14B2D151}.Debug|Any CPU.ActiveCfg = Debug|Any CPU
		{21DBD764-8529-491F-ABE2-A40B14B2D151}.Debug|Any CPU.Build.0 = Debug|Any CPU
		{21DBD764-8529-491F-ABE2-A40B14B2D151}.Release|Any CPU.ActiveCfg = Release|Any CPU
		{21DBD764-8529-491F-ABE2-A40B14B2D151}.Release|Any CPU.Build.0 = Release|Any CPU
		{BDA281B6-3BFE-4C13-BC9D-BBFAFB7DEC1B}.Debug|Any CPU.ActiveCfg = Debug|Any CPU
		{BDA281B6-3BFE-4C13-BC9D-BBFAFB7DEC1B}.Debug|Any CPU.Build.0 = Debug|Any CPU
		{BDA281B6-3BFE-4C13-BC9D-BBFAFB7DEC1B}.Release|Any CPU.ActiveCfg = Release|Any CPU
		{BDA281B6-3BFE-4C13-BC9D-BBFAFB7DEC1B}.Release|Any CPU.Build.0 = Release|Any CPU
	EndGlobalSection
	GlobalSection(SolutionProperties) = preSolution
		HideSolutionNode = FALSE
	EndGlobalSection
	GlobalSection(ExtensibilityGlobals) = postSolution
		SolutionGuid = {F81C7537-8136-4752-A396-6ACADE3451AA}
	EndGlobalSection
EndGlobal
